// !$*UTF8*$!
{
	archiveVersion = 1;
	classes = {
	};
	objectVersion = 46;
	objects = {

/* Begin PBXBuildFile section */
		1527BE841EBB077C006F839F /* DDRSAWrapper.m in Sources */ = {isa = PBXBuildFile; fileRef = 1527BE831EBB077C006F839F /* DDRSAWrapper.m */; };
		15660F3D1FC6968300D70374 /* RSADemoTests.m in Sources */ = {isa = PBXBuildFile; fileRef = 15660F3C1FC6968300D70374 /* RSADemoTests.m */; };
		157F1B6B1FA2FD680042D4F9 /* DDRSAWrapper+openssl.m in Sources */ = {isa = PBXBuildFile; fileRef = 157F1B6A1FA2FD680042D4F9 /* DDRSAWrapper+openssl.m */; };
		1598A5531E6961B30031D3A3 /* main.m in Sources */ = {isa = PBXBuildFile; fileRef = 1598A5521E6961B30031D3A3 /* main.m */; };
		1598A5561E6961B30031D3A3 /* AppDelegate.m in Sources */ = {isa = PBXBuildFile; fileRef = 1598A5551E6961B30031D3A3 /* AppDelegate.m */; };
		1598A5591E6961B30031D3A3 /* ViewController.m in Sources */ = {isa = PBXBuildFile; fileRef = 1598A5581E6961B30031D3A3 /* ViewController.m */; };
		1598A55C1E6961B30031D3A3 /* Main.storyboard in Resources */ = {isa = PBXBuildFile; fileRef = 1598A55A1E6961B30031D3A3 /* Main.storyboard */; };
		1598A55E1E6961B30031D3A3 /* Assets.xcassets in Resources */ = {isa = PBXBuildFile; fileRef = 1598A55D1E6961B30031D3A3 /* Assets.xcassets */; };
		1598A5611E6961B30031D3A3 /* LaunchScreen.storyboard in Resources */ = {isa = PBXBuildFile; fileRef = 1598A55F1E6961B30031D3A3 /* LaunchScreen.storyboard */; };
		552B3499681C008FB80D08C8 /* libPods-RSADemo.a in Frameworks */ = {isa = PBXBuildFile; fileRef = 15660F451FC69E1900D70374 /* libPods-RSADemo.a */; };
		6A175AE6733574BE58EB1DD9 /* libPods-RSADemoTests.a in Frameworks */ = {isa = PBXBuildFile; fileRef = 02F318A77AE4752B7FA03D61 /* libPods-RSADemoTests.a */; };
		E87247D95CC0A4135CD59068 /* libPods-RSADemo.a in Frameworks */ = {isa = PBXBuildFile; fileRef = C596D62BE0A6A4E17AB1DCF2 /* libPods-RSADemo.a */; };
/* End PBXBuildFile section */

/* Begin PBXContainerItemProxy section */
		15660F3F1FC6968300D70374 /* PBXContainerItemProxy */ = {
			isa = PBXContainerItemProxy;
			containerPortal = 1598A5461E6961B30031D3A3 /* Project object */;
			proxyType = 1;
			remoteGlobalIDString = 1598A54D1E6961B30031D3A3;
			remoteInfo = RSADemo;
		};
/* End PBXContainerItemProxy section */

/* Begin PBXFileReference section */
		02F318A77AE4752B7FA03D61 /* libPods-RSADemoTests.a */ = {isa = PBXFileReference; explicitFileType = archive.ar; includeInIndex = 0; path = "libPods-RSADemoTests.a"; sourceTree = BUILT_PRODUCTS_DIR; };
		0D9E48D32FF0A85DB9680CE1 /* Pods-RSADemoTests.debug.xcconfig */ = {isa = PBXFileReference; includeInIndex = 1; lastKnownFileType = text.xcconfig; name = "Pods-RSADemoTests.debug.xcconfig"; path = "Pods/Target Support Files/Pods-RSADemoTests/Pods-RSADemoTests.debug.xcconfig"; sourceTree = "<group>"; };
		1527BE821EBB077C006F839F /* DDRSAWrapper.h */ = {isa = PBXFileReference; fileEncoding = 4; lastKnownFileType = sourcecode.c.h; path = DDRSAWrapper.h; sourceTree = "<group>"; };
		1527BE831EBB077C006F839F /* DDRSAWrapper.m */ = {isa = PBXFileReference; fileEncoding = 4; lastKnownFileType = sourcecode.c.objc; path = DDRSAWrapper.m; sourceTree = "<group>"; };
		15660F3A1FC6968300D70374 /* RSADemoTests.xctest */ = {isa = PBXFileReference; explicitFileType = wrapper.cfbundle; includeInIndex = 0; path = RSADemoTests.xctest; sourceTree = BUILT_PRODUCTS_DIR; };
		15660F3C1FC6968300D70374 /* RSADemoTests.m */ = {isa = PBXFileReference; lastKnownFileType = sourcecode.c.objc; path = RSADemoTests.m; sourceTree = "<group>"; };
		15660F3E1FC6968300D70374 /* Info.plist */ = {isa = PBXFileReference; lastKnownFileType = text.plist.xml; path = Info.plist; sourceTree = "<group>"; };
		15660F451FC69E1900D70374 /* libPods-RSADemo.a */ = {isa = PBXFileReference; explicitFileType = archive.ar; path = "libPods-RSADemo.a"; sourceTree = BUILT_PRODUCTS_DIR; };
		157F1B691FA2FD670042D4F9 /* DDRSAWrapper+openssl.h */ = {isa = PBXFileReference; fileEncoding = 4; lastKnownFileType = sourcecode.c.h; path = "DDRSAWrapper+openssl.h"; sourceTree = "<group>"; };
		157F1B6A1FA2FD680042D4F9 /* DDRSAWrapper+openssl.m */ = {isa = PBXFileReference; fileEncoding = 4; lastKnownFileType = sourcecode.c.objc; path = "DDRSAWrapper+openssl.m"; sourceTree = "<group>"; };
		1598A54E1E6961B30031D3A3 /* RSADemo.app */ = {isa = PBXFileReference; explicitFileType = wrapper.application; includeInIndex = 0; path = RSADemo.app; sourceTree = BUILT_PRODUCTS_DIR; };
		1598A5521E6961B30031D3A3 /* main.m */ = {isa = PBXFileReference; lastKnownFileType = sourcecode.c.objc; path = main.m; sourceTree = "<group>"; };
		1598A5541E6961B30031D3A3 /* AppDelegate.h */ = {isa = PBXFileReference; lastKnownFileType = sourcecode.c.h; path = AppDelegate.h; sourceTree = "<group>"; };
		1598A5551E6961B30031D3A3 /* AppDelegate.m */ = {isa = PBXFileReference; lastKnownFileType = sourcecode.c.objc; path = AppDelegate.m; sourceTree = "<group>"; };
		1598A5571E6961B30031D3A3 /* ViewController.h */ = {isa = PBXFileReference; lastKnownFileType = sourcecode.c.h; path = ViewController.h; sourceTree = "<group>"; };
		1598A5581E6961B30031D3A3 /* ViewController.m */ = {isa = PBXFileReference; lastKnownFileType = sourcecode.c.objc; path = ViewController.m; sourceTree = "<group>"; };
		1598A55B1E6961B30031D3A3 /* Base */ = {isa = PBXFileReference; lastKnownFileType = file.storyboard; name = Base; path = Base.lproj/Main.storyboard; sourceTree = "<group>"; };
		1598A55D1E6961B30031D3A3 /* Assets.xcassets */ = {isa = PBXFileReference; lastKnownFileType = folder.assetcatalog; path = Assets.xcassets; sourceTree = "<group>"; };
		1598A5601E6961B30031D3A3 /* Base */ = {isa = PBXFileReference; lastKnownFileType = file.storyboard; name = Base; path = Base.lproj/LaunchScreen.storyboard; sourceTree = "<group>"; };
		1598A5621E6961B30031D3A3 /* Info.plist */ = {isa = PBXFileReference; lastKnownFileType = text.plist.xml; path = Info.plist; sourceTree = "<group>"; };
		34B9001EB4200D5FA6DC1E45 /* Pods-RSADemo.release.xcconfig */ = {isa = PBXFileReference; includeInIndex = 1; lastKnownFileType = text.xcconfig; name = "Pods-RSADemo.release.xcconfig"; path = "Pods/Target Support Files/Pods-RSADemo/Pods-RSADemo.release.xcconfig"; sourceTree = "<group>"; };
		ABF24BEA1929FC1D1189FF5A /* Pods-RSADemo.debug.xcconfig */ = {isa = PBXFileReference; includeInIndex = 1; lastKnownFileType = text.xcconfig; name = "Pods-RSADemo.debug.xcconfig"; path = "Pods/Target Support Files/Pods-RSADemo/Pods-RSADemo.debug.xcconfig"; sourceTree = "<group>"; };
		C2795FADA77069E91E6AC063 /* Pods-RSADemoTests.release.xcconfig */ = {isa = PBXFileReference; includeInIndex = 1; lastKnownFileType = text.xcconfig; name = "Pods-RSADemoTests.release.xcconfig"; path = "Pods/Target Support Files/Pods-RSADemoTests/Pods-RSADemoTests.release.xcconfig"; sourceTree = "<group>"; };
		C596D62BE0A6A4E17AB1DCF2 /* libPods-RSADemo.a */ = {isa = PBXFileReference; explicitFileType = archive.ar; includeInIndex = 0; path = "libPods-RSADemo.a"; sourceTree = BUILT_PRODUCTS_DIR; };
/* End PBXFileReference section */

/* Begin PBXFrameworksBuildPhase section */
		15660F371FC6968300D70374 /* Frameworks */ = {
			isa = PBXFrameworksBuildPhase;
			buildActionMask = 2147483647;
			files = (
				6A175AE6733574BE58EB1DD9 /* libPods-RSADemoTests.a in Frameworks */,
			);
			runOnlyForDeploymentPostprocessing = 0;
		};
		1598A54B1E6961B30031D3A3 /* Frameworks */ = {
			isa = PBXFrameworksBuildPhase;
			buildActionMask = 2147483647;
			files = (
				E87247D95CC0A4135CD59068 /* libPods-RSADemo.a in Frameworks */,
				552B3499681C008FB80D08C8 /* libPods-RSADemo.a in Frameworks */,
			);
			runOnlyForDeploymentPostprocessing = 0;
		};
/* End PBXFrameworksBuildPhase section */

/* Begin PBXGroup section */
		1527BE811EBB077C006F839F /* DDRSAWrapper */ = {
			isa = PBXGroup;
			children = (
				1527BE821EBB077C006F839F /* DDRSAWrapper.h */,
				1527BE831EBB077C006F839F /* DDRSAWrapper.m */,
				157F1B691FA2FD670042D4F9 /* DDRSAWrapper+openssl.h */,
				157F1B6A1FA2FD680042D4F9 /* DDRSAWrapper+openssl.m */,
			);
			name = DDRSAWrapper;
			path = ../../DDRSAWrapper;
			sourceTree = "<group>";
		};
		15660F3B1FC6968300D70374 /* RSADemoTests */ = {
			isa = PBXGroup;
			children = (
				15660F3C1FC6968300D70374 /* RSADemoTests.m */,
				15660F3E1FC6968300D70374 /* Info.plist */,
			);
			path = RSADemoTests;
			sourceTree = "<group>";
		};
		1598A5451E6961B30031D3A3 = {
			isa = PBXGroup;
			children = (
				1598A5501E6961B30031D3A3 /* RSADemo */,
				15660F3B1FC6968300D70374 /* RSADemoTests */,
				1598A54F1E6961B30031D3A3 /* Products */,
				3F3470F49938D079CE42E444 /* Pods */,
				57DB43E56FE455C6B8F9605D /* Frameworks */,
			);
			sourceTree = "<group>";
		};
		1598A54F1E6961B30031D3A3 /* Products */ = {
			isa = PBXGroup;
			children = (
				1598A54E1E6961B30031D3A3 /* RSADemo.app */,
				15660F3A1FC6968300D70374 /* RSADemoTests.xctest */,
			);
			name = Products;
			sourceTree = "<group>";
		};
		1598A5501E6961B30031D3A3 /* RSADemo */ = {
			isa = PBXGroup;
			children = (
				1527BE811EBB077C006F839F /* DDRSAWrapper */,
				1598A5541E6961B30031D3A3 /* AppDelegate.h */,
				1598A5551E6961B30031D3A3 /* AppDelegate.m */,
				1598A5571E6961B30031D3A3 /* ViewController.h */,
				1598A5581E6961B30031D3A3 /* ViewController.m */,
				1598A55A1E6961B30031D3A3 /* Main.storyboard */,
				1598A55D1E6961B30031D3A3 /* Assets.xcassets */,
				1598A55F1E6961B30031D3A3 /* LaunchScreen.storyboard */,
				1598A5621E6961B30031D3A3 /* Info.plist */,
				1598A5511E6961B30031D3A3 /* Supporting Files */,
			);
			path = RSADemo;
			sourceTree = "<group>";
		};
		1598A5511E6961B30031D3A3 /* Supporting Files */ = {
			isa = PBXGroup;
			children = (
				1598A5521E6961B30031D3A3 /* main.m */,
			);
			name = "Supporting Files";
			sourceTree = "<group>";
		};
		3F3470F49938D079CE42E444 /* Pods */ = {
			isa = PBXGroup;
			children = (
				ABF24BEA1929FC1D1189FF5A /* Pods-RSADemo.debug.xcconfig */,
				34B9001EB4200D5FA6DC1E45 /* Pods-RSADemo.release.xcconfig */,
				0D9E48D32FF0A85DB9680CE1 /* Pods-RSADemoTests.debug.xcconfig */,
				C2795FADA77069E91E6AC063 /* Pods-RSADemoTests.release.xcconfig */,
			);
			name = Pods;
			sourceTree = "<group>";
		};
		57DB43E56FE455C6B8F9605D /* Frameworks */ = {
			isa = PBXGroup;
			children = (
				15660F451FC69E1900D70374 /* libPods-RSADemo.a */,
				C596D62BE0A6A4E17AB1DCF2 /* libPods-RSADemo.a */,
				02F318A77AE4752B7FA03D61 /* libPods-RSADemoTests.a */,
			);
			name = Frameworks;
			sourceTree = "<group>";
		};
/* End PBXGroup section */

/* Begin PBXNativeTarget section */
		15660F391FC6968300D70374 /* RSADemoTests */ = {
			isa = PBXNativeTarget;
			buildConfigurationList = 15660F411FC6968300D70374 /* Build configuration list for PBXNativeTarget "RSADemoTests" */;
			buildPhases = (
				46E85078CF41EF7932B3364D /* [CP] Check Pods Manifest.lock */,
				15660F361FC6968300D70374 /* Sources */,
				15660F371FC6968300D70374 /* Frameworks */,
				15660F381FC6968300D70374 /* Resources */,
			);
			buildRules = (
			);
			dependencies = (
				15660F401FC6968300D70374 /* PBXTargetDependency */,
			);
			name = RSADemoTests;
			productName = RSADemoTests;
			productReference = 15660F3A1FC6968300D70374 /* RSADemoTests.xctest */;
			productType = "com.apple.product-type.bundle.unit-test";
		};
		1598A54D1E6961B30031D3A3 /* RSADemo */ = {
			isa = PBXNativeTarget;
			buildConfigurationList = 1598A5651E6961B30031D3A3 /* Build configuration list for PBXNativeTarget "RSADemo" */;
			buildPhases = (
				38DEC444A2130DC12346D79D /* [CP] Check Pods Manifest.lock */,
				1598A54A1E6961B30031D3A3 /* Sources */,
				1598A54B1E6961B30031D3A3 /* Frameworks */,
				1598A54C1E6961B30031D3A3 /* Resources */,
			);
			buildRules = (
			);
			dependencies = (
			);
			name = RSADemo;
			productName = RSADemo;
			productReference = 1598A54E1E6961B30031D3A3 /* RSADemo.app */;
			productType = "com.apple.product-type.application";
		};
/* End PBXNativeTarget section */

/* Begin PBXProject section */
		1598A5461E6961B30031D3A3 /* Project object */ = {
			isa = PBXProject;
			attributes = {
				LastUpgradeCheck = 0820;
				ORGANIZATIONNAME = Ive;
				TargetAttributes = {
					15660F391FC6968300D70374 = {
						CreatedOnToolsVersion = 9.1;
						ProvisioningStyle = Automatic;
						TestTargetID = 1598A54D1E6961B30031D3A3;
					};
					1598A54D1E6961B30031D3A3 = {
						CreatedOnToolsVersion = 8.2;
						ProvisioningStyle = Manual;
					};
				};
			};
			buildConfigurationList = 1598A5491E6961B30031D3A3 /* Build configuration list for PBXProject "RSADemo" */;
			compatibilityVersion = "Xcode 3.2";
			developmentRegion = English;
			hasScannedForEncodings = 0;
			knownRegions = (
				English,
				en,
				Base,
			);
			mainGroup = 1598A5451E6961B30031D3A3;
			productRefGroup = 1598A54F1E6961B30031D3A3 /* Products */;
			projectDirPath = "";
			projectRoot = "";
			targets = (
				1598A54D1E6961B30031D3A3 /* RSADemo */,
				15660F391FC6968300D70374 /* RSADemoTests */,
			);
		};
/* End PBXProject section */

/* Begin PBXResourcesBuildPhase section */
		15660F381FC6968300D70374 /* Resources */ = {
			isa = PBXResourcesBuildPhase;
			buildActionMask = 2147483647;
			files = (
			);
			runOnlyForDeploymentPostprocessing = 0;
		};
		1598A54C1E6961B30031D3A3 /* Resources */ = {
			isa = PBXResourcesBuildPhase;
			buildActionMask = 2147483647;
			files = (
				1598A5611E6961B30031D3A3 /* LaunchScreen.storyboard in Resources */,
				1598A55E1E6961B30031D3A3 /* Assets.xcassets in Resources */,
				1598A55C1E6961B30031D3A3 /* Main.storyboard in Resources */,
			);
			runOnlyForDeploymentPostprocessing = 0;
		};
/* End PBXResourcesBuildPhase section */

/* Begin PBXShellScriptBuildPhase section */
		38DEC444A2130DC12346D79D /* [CP] Check Pods Manifest.lock */ = {
			isa = PBXShellScriptBuildPhase;
			buildActionMask = 2147483647;
			files = (
			);
			inputPaths = (
				"${PODS_PODFILE_DIR_PATH}/Podfile.lock",
				"${PODS_ROOT}/Manifest.lock",
			);
			name = "[CP] Check Pods Manifest.lock";
			outputPaths = (
				"$(DERIVED_FILE_DIR)/Pods-RSADemo-checkManifestLockResult.txt",
			);
			runOnlyForDeploymentPostprocessing = 0;
			shellPath = /bin/sh;
			shellScript = "diff \"${PODS_PODFILE_DIR_PATH}/Podfile.lock\" \"${PODS_ROOT}/Manifest.lock\" > /dev/null\nif [ $? != 0 ] ; then\n    # print error to STDERR\n    echo \"error: The sandbox is not in sync with the Podfile.lock. Run 'pod install' or update your CocoaPods installation.\" >&2\n    exit 1\nfi\n# This output is used by Xcode 'outputs' to avoid re-running this script phase.\necho \"SUCCESS\" > \"${SCRIPT_OUTPUT_FILE_0}\"\n";
			showEnvVarsInLog = 0;
		};
		46E85078CF41EF7932B3364D /* [CP] Check Pods Manifest.lock */ = {
			isa = PBXShellScriptBuildPhase;
			buildActionMask = 2147483647;
			files = (
			);
			inputPaths = (
				"${PODS_PODFILE_DIR_PATH}/Podfile.lock",
				"${PODS_ROOT}/Manifest.lock",
			);
			name = "[CP] Check Pods Manifest.lock";
			outputPaths = (
				"$(DERIVED_FILE_DIR)/Pods-RSADemoTests-checkManifestLockResult.txt",
			);
			runOnlyForDeploymentPostprocessing = 0;
			shellPath = /bin/sh;
			shellScript = "diff \"${PODS_PODFILE_DIR_PATH}/Podfile.lock\" \"${PODS_ROOT}/Manifest.lock\" > /dev/null\nif [ $? != 0 ] ; then\n    # print error to STDERR\n    echo \"error: The sandbox is not in sync with the Podfile.lock. Run 'pod install' or update your CocoaPods installation.\" >&2\n    exit 1\nfi\n# This output is used by Xcode 'outputs' to avoid re-running this script phase.\necho \"SUCCESS\" > \"${SCRIPT_OUTPUT_FILE_0}\"\n";
			showEnvVarsInLog = 0;
		};
/* End PBXShellScriptBuildPhase section */

/* Begin PBXSourcesBuildPhase section */
		15660F361FC6968300D70374 /* Sources */ = {
			isa = PBXSourcesBuildPhase;
			buildActionMask = 2147483647;
			files = (
				15660F3D1FC6968300D70374 /* RSADemoTests.m in Sources */,
			);
			runOnlyForDeploymentPostprocessing = 0;
		};
		1598A54A1E6961B30031D3A3 /* Sources */ = {
			isa = PBXSourcesBuildPhase;
			buildActionMask = 2147483647;
			files = (
				1527BE841EBB077C006F839F /* DDRSAWrapper.m in Sources */,
				1598A5591E6961B30031D3A3 /* ViewController.m in Sources */,
				1598A5561E6961B30031D3A3 /* AppDelegate.m in Sources */,
				157F1B6B1FA2FD680042D4F9 /* DDRSAWrapper+openssl.m in Sources */,
				1598A5531E6961B30031D3A3 /* main.m in Sources */,
			);
			runOnlyForDeploymentPostprocessing = 0;
		};
/* End PBXSourcesBuildPhase section */

/* Begin PBXTargetDependency section */
		15660F401FC6968300D70374 /* PBXTargetDependency */ = {
			isa = PBXTargetDependency;
			target = 1598A54D1E6961B30031D3A3 /* RSADemo */;
			targetProxy = 15660F3F1FC6968300D70374 /* PBXContainerItemProxy */;
		};
/* End PBXTargetDependency section */

/* Begin PBXVariantGroup section */
		1598A55A1E6961B30031D3A3 /* Main.storyboard */ = {
			isa = PBXVariantGroup;
			children = (
				1598A55B1E6961B30031D3A3 /* Base */,
			);
			name = Main.storyboard;
			sourceTree = "<group>";
		};
		1598A55F1E6961B30031D3A3 /* LaunchScreen.storyboard */ = {
			isa = PBXVariantGroup;
			children = (
				1598A5601E6961B30031D3A3 /* Base */,
			);
			name = LaunchScreen.storyboard;
			sourceTree = "<group>";
		};
/* End PBXVariantGroup section */

/* Begin XCBuildConfiguration section */
		15660F421FC6968300D70374 /* Debug */ = {
			isa = XCBuildConfiguration;
			baseConfigurationReference = 0D9E48D32FF0A85DB9680CE1 /* Pods-RSADemoTests.debug.xcconfig */;
			buildSettings = {
				BUNDLE_LOADER = "$(TEST_HOST)";
				CLANG_ANALYZER_NUMBER_OBJECT_CONVERSION = YES_AGGRESSIVE;
				CLANG_CXX_LANGUAGE_STANDARD = "gnu++14";
				CLANG_WARN_BLOCK_CAPTURE_AUTORELEASING = YES;
				CLANG_WARN_COMMA = YES;
				CLANG_WARN_NON_LITERAL_NULL_CONVERSION = YES;
				CLANG_WARN_OBJC_LITERAL_CONVERSION = YES;
				CLANG_WARN_RANGE_LOOP_ANALYSIS = YES;
				CLANG_WARN_STRICT_PROTOTYPES = YES;
				CLANG_WARN_UNGUARDED_AVAILABILITY = YES_AGGRESSIVE;
				CODE_SIGN_IDENTITY = "iPhone Developer";
				CODE_SIGN_STYLE = Automatic;
				GCC_C_LANGUAGE_STANDARD = gnu11;
				INFOPLIST_FILE = RSADemoTests/Info.plist;
				IPHONEOS_DEPLOYMENT_TARGET = 11.1;
				LD_RUNPATH_SEARCH_PATHS = "$(inherited) @executable_path/Frameworks @loader_path/Frameworks";
				PRODUCT_BUNDLE_IDENTIFIER = DD.RSADemoTests;
				PRODUCT_NAME = "$(TARGET_NAME)";
				TARGETED_DEVICE_FAMILY = "1,2";
				TEST_HOST = "$(BUILT_PRODUCTS_DIR)/RSADemo.app/RSADemo";
			};
			name = Debug;
		};
		15660F431FC6968300D70374 /* Release */ = {
			isa = XCBuildConfiguration;
			baseConfigurationReference = C2795FADA77069E91E6AC063 /* Pods-RSADemoTests.release.xcconfig */;
			buildSettings = {
				BUNDLE_LOADER = "$(TEST_HOST)";
				CLANG_ANALYZER_NUMBER_OBJECT_CONVERSION = YES_AGGRESSIVE;
				CLANG_CXX_LANGUAGE_STANDARD = "gnu++14";
				CLANG_WARN_BLOCK_CAPTURE_AUTORELEASING = YES;
				CLANG_WARN_COMMA = YES;
				CLANG_WARN_NON_LITERAL_NULL_CONVERSION = YES;
				CLANG_WARN_OBJC_LITERAL_CONVERSION = YES;
				CLANG_WARN_RANGE_LOOP_ANALYSIS = YES;
				CLANG_WARN_STRICT_PROTOTYPES = YES;
				CLANG_WARN_UNGUARDED_AVAILABILITY = YES_AGGRESSIVE;
				CODE_SIGN_IDENTITY = "iPhone Developer";
				CODE_SIGN_STYLE = Automatic;
				GCC_C_LANGUAGE_STANDARD = gnu11;
				INFOPLIST_FILE = RSADemoTests/Info.plist;
				IPHONEOS_DEPLOYMENT_TARGET = 11.1;
				LD_RUNPATH_SEARCH_PATHS = "$(inherited) @executable_path/Frameworks @loader_path/Frameworks";
				PRODUCT_BUNDLE_IDENTIFIER = DD.RSADemoTests;
				PRODUCT_NAME = "$(TARGET_NAME)";
				TARGETED_DEVICE_FAMILY = "1,2";
				TEST_HOST = "$(BUILT_PRODUCTS_DIR)/RSADemo.app/RSADemo";
			};
			name = Release;
		};
		1598A5631E6961B30031D3A3 /* Debug */ = {
			isa = XCBuildConfiguration;
			baseConfigurationReference = ABF24BEA1929FC1D1189FF5A /* Pods-RSADemo.debug.xcconfig */;
			buildSettings = {
				ALWAYS_SEARCH_USER_PATHS = NO;
				CLANG_ANALYZER_NONNULL = YES;
				CLANG_CXX_LANGUAGE_STANDARD = "gnu++0x";
				CLANG_CXX_LIBRARY = "libc++";
				CLANG_ENABLE_MODULES = YES;
				CLANG_ENABLE_OBJC_ARC = YES;
				CLANG_WARN_BOOL_CONVERSION = YES;
				CLANG_WARN_CONSTANT_CONVERSION = YES;
				CLANG_WARN_DIRECT_OBJC_ISA_USAGE = YES_ERROR;
				CLANG_WARN_DOCUMENTATION_COMMENTS = YES;
				CLANG_WARN_EMPTY_BODY = YES;
				CLANG_WARN_ENUM_CONVERSION = YES;
				CLANG_WARN_INFINITE_RECURSION = YES;
				CLANG_WARN_INT_CONVERSION = YES;
				CLANG_WARN_OBJC_ROOT_CLASS = YES_ERROR;
				CLANG_WARN_SUSPICIOUS_MOVE = YES;
				CLANG_WARN_UNREACHABLE_CODE = YES;
				CLANG_WARN__DUPLICATE_METHOD_MATCH = YES;
				"CODE_SIGN_IDENTITY[sdk=iphoneos*]" = "iPhone Developer";
				COPY_PHASE_STRIP = NO;
				DEBUG_INFORMATION_FORMAT = dwarf;
				ENABLE_STRICT_OBJC_MSGSEND = YES;
				ENABLE_TESTABILITY = YES;
				GCC_C_LANGUAGE_STANDARD = gnu99;
				GCC_DYNAMIC_NO_PIC = NO;
				GCC_NO_COMMON_BLOCKS = YES;
				GCC_OPTIMIZATION_LEVEL = 0;
				GCC_PREPROCESSOR_DEFINITIONS = (
					"DEBUG=1",
					"$(inherited)",
				);
				GCC_WARN_64_TO_32_BIT_CONVERSION = YES;
				GCC_WARN_ABOUT_RETURN_TYPE = YES_ERROR;
				GCC_WARN_UNDECLARED_SELECTOR = YES;
				GCC_WARN_UNINITIALIZED_AUTOS = YES_AGGRESSIVE;
				GCC_WARN_UNUSED_FUNCTION = YES;
				GCC_WARN_UNUSED_VARIABLE = YES;
				IPHONEOS_DEPLOYMENT_TARGET = 10.2;
				MTL_ENABLE_DEBUG_INFO = YES;
				ONLY_ACTIVE_ARCH = YES;
				SDKROOT = iphoneos;
				TARGETED_DEVICE_FAMILY = "1,2";
			};
			name = Debug;
		};
		1598A5641E6961B30031D3A3 /* Release */ = {
			isa = XCBuildConfiguration;
			baseConfigurationReference = 34B9001EB4200D5FA6DC1E45 /* Pods-RSADemo.release.xcconfig */;
			buildSettings = {
				ALWAYS_SEARCH_USER_PATHS = NO;
				CLANG_ANALYZER_NONNULL = YES;
				CLANG_CXX_LANGUAGE_STANDARD = "gnu++0x";
				CLANG_CXX_LIBRARY = "libc++";
				CLANG_ENABLE_MODULES = YES;
				CLANG_ENABLE_OBJC_ARC = YES;
				CLANG_WARN_BOOL_CONVERSION = YES;
				CLANG_WARN_CONSTANT_CONVERSION = YES;
				CLANG_WARN_DIRECT_OBJC_ISA_USAGE = YES_ERROR;
				CLANG_WARN_DOCUMENTATION_COMMENTS = YES;
				CLANG_WARN_EMPTY_BODY = YES;
				CLANG_WARN_ENUM_CONVERSION = YES;
				CLANG_WARN_INFINITE_RECURSION = YES;
				CLANG_WARN_INT_CONVERSION = YES;
				CLANG_WARN_OBJC_ROOT_CLASS = YES_ERROR;
				CLANG_WARN_SUSPICIOUS_MOVE = YES;
				CLANG_WARN_UNREACHABLE_CODE = YES;
				CLANG_WARN__DUPLICATE_METHOD_MATCH = YES;
				"CODE_SIGN_IDENTITY[sdk=iphoneos*]" = "iPhone Developer";
				COPY_PHASE_STRIP = NO;
				DEBUG_INFORMATION_FORMAT = "dwarf-with-dsym";
				ENABLE_NS_ASSERTIONS = NO;
				ENABLE_STRICT_OBJC_MSGSEND = YES;
				GCC_C_LANGUAGE_STANDARD = gnu99;
				GCC_NO_COMMON_BLOCKS = YES;
				GCC_WARN_64_TO_32_BIT_CONVERSION = YES;
				GCC_WARN_ABOUT_RETURN_TYPE = YES_ERROR;
				GCC_WARN_UNDECLARED_SELECTOR = YES;
				GCC_WARN_UNINITIALIZED_AUTOS = YES_AGGRESSIVE;
				GCC_WARN_UNUSED_FUNCTION = YES;
				GCC_WARN_UNUSED_VARIABLE = YES;
				IPHONEOS_DEPLOYMENT_TARGET = 10.2;
				MTL_ENABLE_DEBUG_INFO = NO;
				SDKROOT = iphoneos;
				TARGETED_DEVICE_FAMILY = "1,2";
				VALIDATE_PRODUCT = YES;
			};
			name = Release;
		};
		1598A5661E6961B30031D3A3 /* Debug */ = {
			isa = XCBuildConfiguration;
			baseConfigurationReference = ABF24BEA1929FC1D1189FF5A /* Pods-RSADemo.debug.xcconfig */;
			buildSettings = {
				ASSETCATALOG_COMPILER_APPICON_NAME = AppIcon;
				CODE_SIGN_STYLE = Manual;
				DEVELOPMENT_TEAM = "";
				ENABLE_BITCODE = NO;
				INFOPLIST_FILE = RSADemo/Info.plist;
				LD_RUNPATH_SEARCH_PATHS = "$(inherited) @executable_path/Frameworks";
				PRODUCT_BUNDLE_IDENTIFIER = Ive.RSADemo;
				PRODUCT_NAME = "$(TARGET_NAME)";
				PROVISIONING_PROFILE_SPECIFIER = "";
			};
			name = Debug;
		};
		1598A5671E6961B30031D3A3 /* Release */ = {
			isa = XCBuildConfiguration;
			baseConfigurationReference = 34B9001EB4200D5FA6DC1E45 /* Pods-RSADemo.release.xcconfig */;
			buildSettings = {
				ASSETCATALOG_COMPILER_APPICON_NAME = AppIcon;
				CODE_SIGN_STYLE = Manual;
				DEVELOPMENT_TEAM = "";
				ENABLE_BITCODE = NO;
				INFOPLIST_FILE = RSADemo/Info.plist;
				LD_RUNPATH_SEARCH_PATHS = "$(inherited) @executable_path/Frameworks";
				PRODUCT_BUNDLE_IDENTIFIER = Ive.RSADemo;
				PRODUCT_NAME = "$(TARGET_NAME)";
				PROVISIONING_PROFILE_SPECIFIER = "";
			};
			name = Release;
		};
/* End XCBuildConfiguration section */

/* Begin XCConfigurationList section */
		15660F411FC6968300D70374 /* Build configuration list for PBXNativeTarget "RSADemoTests" */ = {
			isa = XCConfigurationList;
			buildConfigurations = (
				15660F421FC6968300D70374 /* Debug */,
				15660F431FC6968300D70374 /* Release */,
			);
			defaultConfigurationIsVisible = 0;
			defaultConfigurationName = Release;
		};
		1598A5491E6961B30031D3A3 /* Build configuration list for PBXProject "RSADemo" */ = {
			isa = XCConfigurationList;
			buildConfigurations = (
				1598A5631E6961B30031D3A3 /* Debug */,
				1598A5641E6961B30031D3A3 /* Release */,
			);
			defaultConfigurationIsVisible = 0;
			defaultConfigurationName = Release;
		};
		1598A5651E6961B30031D3A3 /* Build configuration list for PBXNativeTarget "RSADemo" */ = {
			isa = XCConfigurationList;
			buildConfigurations = (
				1598A5661E6961B30031D3A3 /* Debug */,
				1598A5671E6961B30031D3A3 /* Release */,
			);
			defaultConfigurationIsVisible = 0;
			defaultConfigurationName = Release;
		};
/* End XCConfigurationList section */
	};
	rootObject = 1598A5461E6961B30031D3A3 /* Project object */;
}
